
Microsoft Visual Studio Solution File, Format Version 12.00
# Visual Studio Version 17
VisualStudioVersion = 17.8.34330.188
MinimumVisualStudioVersion = 10.0.40219.1
Project("{2150E333-8FDC-42A3-9474-1A3956D46DE8}") = "Core", "Core", "{11197D41-B8BF-4E38-81AA-6761E0900B86}"
EndProject
Project("{2150E333-8FDC-42A3-9474-1A3956D46DE8}") = "Infarstructure", "Infarstructure", "{57AD8CD2-B069-4BE4-A46C-ED2F333F89A2}"
EndProject
Project("{2150E333-8FDC-42A3-9474-1A3956D46DE8}") = "Presentation", "Presentation", "{AFB5F528-198A-4CC2-8578-C310626F05D0}"
EndProject
Project("{2150E333-8FDC-42A3-9474-1A3956D46DE8}") = "Tests", "Tests", "{0AE4817C-C836-4CFB-8895-98FBBE2CDDDF}"
EndProject
Project("{2150E333-8FDC-42A3-9474-1A3956D46DE8}") = "Aunthentication", "Aunthentication", "{08DE4D9C-7513-45B0-8DFE-31970B174BB6}"
EndProject
Project("{9A19103F-16F7-4668-BE54-9A1E7A4F7556}") = "Notes.Application", "Notes.Application\Notes.Application.csproj", "{27799F91-341A-40C7-A32A-5AA0306BE6C2}"
EndProject
Project("{9A19103F-16F7-4668-BE54-9A1E7A4F7556}") = "Notes.Domain", "Notes.Domain\Notes.Domain.csproj", "{21DD3FF6-E676-4F84-A72A-9C4E19D3F7FC}"
EndProject
Project("{9A19103F-16F7-4668-BE54-9A1E7A4F7556}") = "Notes.Persistence", "Notes.Persistence\Notes.Persistence.csproj", "{74A3286C-49C4-4C3E-8305-977C377DC685}"
EndProject
Project("{9A19103F-16F7-4668-BE54-9A1E7A4F7556}") = "Notes.WebApi", "Notes.WebApi\Notes.WebApi.csproj", "{EB976085-D341-41A4-9644-94EA4E5393D3}"
EndProject
Project("{9A19103F-16F7-4668-BE54-9A1E7A4F7556}") = "Notes.Identity", "Notes.Identity\Notes.Identity.csproj", "{7B7D6542-43C2-4484-A982-375D0E0CDC45}"
EndProject
Project("{9A19103F-16F7-4668-BE54-9A1E7A4F7556}") = "Notes.Tests", "Notes.Tests\Notes.Tests.csproj", "{C38279F2-164F-4822-89F6-BE617C4A875E}"
EndProject
Project("{2150E333-8FDC-42A3-9474-1A3956D46DE8}") = "Client", "Client", "{02EA681E-C7D8-13C7-8484-4AC65E1B71E8}"
EndProject
Project("{54A90642-561A-4BB1-A94E-469ADEE60C69}") = "Notes.React", "notes.react\Notes.React.esproj", "{8FEC3D58-6E31-ED92-7B80-664AEEAAEF2A}"
EndProject
Global
	GlobalSection(SolutionConfigurationPlatforms) = preSolution
		Debug|Any CPU = Debug|Any CPU
		Release|Any CPU = Release|Any CPU
	EndGlobalSection
	GlobalSection(ProjectConfigurationPlatforms) = postSolution
		{27799F91-341A-40C7-A32A-5AA0306BE6C2}.Debug|Any CPU.ActiveCfg = Debug|Any CPU
		{27799F91-341A-40C7-A32A-5AA0306BE6C2}.Debug|Any CPU.Build.0 = Debug|Any CPU
		{27799F91-341A-40C7-A32A-5AA0306BE6C2}.Release|Any CPU.ActiveCfg = Release|Any CPU
		{27799F91-341A-40C7-A32A-5AA0306BE6C2}.Release|Any CPU.Build.0 = Release|Any CPU
		{21DD3FF6-E676-4F84-A72A-9C4E19D3F7FC}.Debug|Any CPU.ActiveCfg = Debug|Any CPU
		{21DD3FF6-E676-4F84-A72A-9C4E19D3F7FC}.Debug|Any CPU.Build.0 = Debug|Any CPU
		{21DD3FF6-E676-4F84-A72A-9C4E19D3F7FC}.Release|Any CPU.ActiveCfg = Release|Any CPU
		{21DD3FF6-E676-4F84-A72A-9C4E19D3F7FC}.Release|Any CPU.Build.0 = Release|Any CPU
		{74A3286C-49C4-4C3E-8305-977C377DC685}.Debug|Any CPU.ActiveCfg = Debug|Any CPU
		{74A3286C-49C4-4C3E-8305-977C377DC685}.Debug|Any CPU.Build.0 = Debug|Any CPU
		{74A3286C-49C4-4C3E-8305-977C377DC685}.Release|Any CPU.ActiveCfg = Release|Any CPU
		{74A3286C-49C4-4C3E-8305-977C377DC685}.Release|Any CPU.Build.0 = Release|Any CPU
		{EB976085-D341-41A4-9644-94EA4E5393D3}.Debug|Any CPU.ActiveCfg = Debug|Any CPU
		{EB976085-D341-41A4-9644-94EA4E5393D3}.Debug|Any CPU.Build.0 = Debug|Any CPU
		{EB976085-D341-41A4-9644-94EA4E5393D3}.Release|Any CPU.ActiveCfg = Release|Any CPU
		{EB976085-D341-41A4-9644-94EA4E5393D3}.Release|Any CPU.Build.0 = Release|Any CPU
		{7B7D6542-43C2-4484-A982-375D0E0CDC45}.Debug|Any CPU.ActiveCfg = Debug|Any CPU
		{7B7D6542-43C2-4484-A982-375D0E0CDC45}.Debug|Any CPU.Build.0 = Debug|Any CPU
		{7B7D6542-43C2-4484-A982-375D0E0CDC45}.Release|Any CPU.ActiveCfg = Release|Any CPU
		{7B7D6542-43C2-4484-A982-375D0E0CDC45}.Release|Any CPU.Build.0 = Release|Any CPU
		{C38279F2-164F-4822-89F6-BE617C4A875E}.Debug|Any CPU.ActiveCfg = Debug|Any CPU
		{C38279F2-164F-4822-89F6-BE617C4A875E}.Debug|Any CPU.Build.0 = Debug|Any CPU
		{C38279F2-164F-4822-89F6-BE617C4A875E}.Release|Any CPU.ActiveCfg = Release|Any CPU
		{C38279F2-164F-4822-89F6-BE617C4A875E}.Release|Any CPU.Build.0 = Release|Any CPU
		{8FEC3D58-6E31-ED92-7B80-664AEEAAEF2A}.Debug|Any CPU.ActiveCfg = Debug|Any CPU
		{8FEC3D58-6E31-ED92-7B80-664AEEAAEF2A}.Debug|Any CPU.Build.0 = Debug|Any CPU
		{8FEC3D58-6E31-ED92-7B80-664AEEAAEF2A}.Debug|Any CPU.Deploy.0 = Debug|Any CPU
		{8FEC3D58-6E31-ED92-7B80-664AEEAAEF2A}.Release|Any CPU.ActiveCfg = Release|Any CPU
		{8FEC3D58-6E31-ED92-7B80-664AEEAAEF2A}.Release|Any CPU.Build.0 = Release|Any CPU
		{8FEC3D58-6E31-ED92-7B80-664AEEAAEF2A}.Release|Any CPU.Deploy.0 = Release|Any CPU
	EndGlobalSection
	GlobalSection(SolutionProperties) = preSolution
		HideSolutionNode = FALSE
	EndGlobalSection
	GlobalSection(NestedProjects) = preSolution
		{27799F91-341A-40C7-A32A-5AA0306BE6C2} = {11197D41-B8BF-4E38-81AA-6761E0900B86}
		{21DD3FF6-E676-4F84-A72A-9C4E19D3F7FC} = {11197D41-B8BF-4E38-81AA-6761E0900B86}
		{74A3286C-49C4-4C3E-8305-977C377DC685} = {57AD8CD2-B069-4BE4-A46C-ED2F333F89A2}
		{EB976085-D341-41A4-9644-94EA4E5393D3} = {AFB5F528-198A-4CC2-8578-C310626F05D0}
		{7B7D6542-43C2-4484-A982-375D0E0CDC45} = {08DE4D9C-7513-45B0-8DFE-31970B174BB6}
		{C38279F2-164F-4822-89F6-BE617C4A875E} = {0AE4817C-C836-4CFB-8895-98FBBE2CDDDF}
		{8FEC3D58-6E31-ED92-7B80-664AEEAAEF2A} = {02EA681E-C7D8-13C7-8484-4AC65E1B71E8}
	EndGlobalSection
	GlobalSection(ExtensibilityGlobals) = postSolution
		SolutionGuid = {3240DE3B-FCF7-4392-988B-9B17495CD9A9}
	EndGlobalSection
EndGlobal
